
Microsoft Visual Studio Solution File, Format Version 12.00
# Visual Studio Version 16
VisualStudioVersion = 16.0.29728.190
MinimumVisualStudioVersion = 10.0.40219.1
Project("{FAE04EC0-301F-11D3-BF4B-00C04F79EFBC}") = "ConsoleApp1", "ConsoleApp1\ConsoleApp1.csproj", "{AF6007D1-F11D-44AE-A6D9-57F1E91C9F82}"
EndProject
Global
	GlobalSection(SolutionConfigurationPlatforms) = preSolution
		Debug|Any CPU = Debug|Any CPU
		Release|Any CPU = Release|Any CPU
	EndGlobalSection
	GlobalSection(ProjectConfigurationPlatforms) = postSolution
		{AF6007D1-F11D-44AE-A6D9-57F1E91C9F82}.Debug|Any CPU.ActiveCfg = Debug|Any CPU
		{AF6007D1-F11D-44AE-A6D9-57F1E91C9F82}.Debug|Any CPU.Build.0 = Debug|Any CPU
		{AF6007D1-F11D-44AE-A6D9-57F1E91C9F82}.Release|Any CPU.ActiveCfg = Release|Any CPU
		{AF6007D1-F11D-44AE-A6D9-57F1E91C9F82}.Release|Any CPU.Build.0 = Release|Any CPU
	EndGlobalSection
	GlobalSection(SolutionProperties) = preSolution
		HideSolutionNode = FALSE
	EndGlobalSection
	GlobalSection(ExtensibilityGlobals) = postSolution
		SolutionGuid = {E58EB6C9-1742-4D54-A596-39FD053E6252}
	EndGlobalSection
EndGlobal
